// !$*UTF8*$!
{
	archiveVersion = 1;
	classes = {
	};
	objectVersion = 46;
	objects = {

/* Begin PBXBuildFile section */
		3146CA901B51ACD500A03CD6 /* AppDelegate.swift in Sources */ = {isa = PBXBuildFile; fileRef = 3146CA8F1B51ACD500A03CD6 /* AppDelegate.swift */; };
		3146CA921B51ACD500A03CD6 /* ViewController.swift in Sources */ = {isa = PBXBuildFile; fileRef = 3146CA911B51ACD500A03CD6 /* ViewController.swift */; };
		3146CA951B51ACD500A03CD6 /* Main.storyboard in Resources */ = {isa = PBXBuildFile; fileRef = 3146CA931B51ACD500A03CD6 /* Main.storyboard */; };
		3146CA971B51ACD500A03CD6 /* Images.xcassets in Resources */ = {isa = PBXBuildFile; fileRef = 3146CA961B51ACD500A03CD6 /* Images.xcassets */; };
		3146CA9A1B51ACD500A03CD6 /* LaunchScreen.xib in Resources */ = {isa = PBXBuildFile; fileRef = 3146CA981B51ACD500A03CD6 /* LaunchScreen.xib */; };
		3146CAA61B51ACD500A03CD6 /* OutsideHacksAppTests.swift in Sources */ = {isa = PBXBuildFile; fileRef = 3146CAA51B51ACD500A03CD6 /* OutsideHacksAppTests.swift */; };
		3146CAB01B51B28900A03CD6 /* MapKit.framework in Frameworks */ = {isa = PBXBuildFile; fileRef = 3146CAAF1B51B28900A03CD6 /* MapKit.framework */; };
		31B227CC1B52159500859A30 /* UberController.swift in Sources */ = {isa = PBXBuildFile; fileRef = 31B227CB1B52159500859A30 /* UberController.swift */; };
		31B227F21B52C26B00859A30 /* OAuth2.framework in Frameworks */ = {isa = PBXBuildFile; fileRef = 31B227D41B52BA4800859A30 /* OAuth2.framework */; };
		31B227F31B52C27700859A30 /* OAuth2.framework in Embed Frameworks */ = {isa = PBXBuildFile; fileRef = 31B227D41B52BA4800859A30 /* OAuth2.framework */; settings = {ATTRIBUTES = (CodeSignOnCopy, RemoveHeadersOnCopy, ); }; };
		31B227F61B52C28C00859A30 /* OAuth2.framework in Embed Frameworks */ = {isa = PBXBuildFile; fileRef = 31B227D61B52BA4800859A30 /* OAuth2.framework */; settings = {ATTRIBUTES = (CodeSignOnCopy, RemoveHeadersOnCopy, ); }; };
		31B227FA1B52DE3C00859A30 /* Enum.swift in Sources */ = {isa = PBXBuildFile; fileRef = 31B227F71B52DE3C00859A30 /* Enum.swift */; };
		31B227FB1B52DE3C00859A30 /* FontAwesome.otf in Resources */ = {isa = PBXBuildFile; fileRef = 31B227F81B52DE3C00859A30 /* FontAwesome.otf */; };
		31B227FC1B52DE3C00859A30 /* FontAwesome.swift in Sources */ = {isa = PBXBuildFile; fileRef = 31B227F91B52DE3C00859A30 /* FontAwesome.swift */; };
		31B227FE1B52EBD200859A30 /* Uber.swift in Sources */ = {isa = PBXBuildFile; fileRef = 31B227FD1B52EBD200859A30 /* Uber.swift */; };
/* End PBXBuildFile section */

/* Begin PBXContainerItemProxy section */
		3146CAA01B51ACD500A03CD6 /* PBXContainerItemProxy */ = {
			isa = PBXContainerItemProxy;
			containerPortal = 3146CA821B51ACD500A03CD6 /* Project object */;
			proxyType = 1;
			remoteGlobalIDString = 3146CA891B51ACD500A03CD6;
			remoteInfo = OutsideHacksApp;
		};
		31B227D31B52BA4800859A30 /* PBXContainerItemProxy */ = {
			isa = PBXContainerItemProxy;
			containerPortal = 31B227CD1B52BA4700859A30 /* OAuth2.xcodeproj */;
			proxyType = 2;
			remoteGlobalIDString = EEE209471942772800736F1A;
			remoteInfo = OAuth2;
		};
		31B227D51B52BA4800859A30 /* PBXContainerItemProxy */ = {
			isa = PBXContainerItemProxy;
			containerPortal = 31B227CD1B52BA4700859A30 /* OAuth2.xcodeproj */;
			proxyType = 2;
			remoteGlobalIDString = EEDB8624193FAAE500C4EEA1;
			remoteInfo = OAuth2iOS;
		};
		31B227D71B52BA4800859A30 /* PBXContainerItemProxy */ = {
			isa = PBXContainerItemProxy;
			containerPortal = 31B227CD1B52BA4700859A30 /* OAuth2.xcodeproj */;
			proxyType = 2;
			remoteGlobalIDString = EEE209A219427DFE00736F1A;
			remoteInfo = OAuth2Tests;
		};
		31B227F01B52C26100859A30 /* PBXContainerItemProxy */ = {
			isa = PBXContainerItemProxy;
			containerPortal = 31B227CD1B52BA4700859A30 /* OAuth2.xcodeproj */;
			proxyType = 1;
			remoteGlobalIDString = EEE209461942772800736F1A;
			remoteInfo = OAuth2;
		};
		31B227F41B52C28200859A30 /* PBXContainerItemProxy */ = {
			isa = PBXContainerItemProxy;
			containerPortal = 31B227CD1B52BA4700859A30 /* OAuth2.xcodeproj */;
			proxyType = 1;
			remoteGlobalIDString = EEDB8623193FAAE500C4EEA1;
			remoteInfo = OAuth2iOS;
		};
/* End PBXContainerItemProxy section */

/* Begin PBXCopyFilesBuildPhase section */
		31B227EC1B52BC0600859A30 /* Embed Frameworks */ = {
			isa = PBXCopyFilesBuildPhase;
			buildActionMask = 2147483647;
			dstPath = "";
			dstSubfolderSpec = 10;
			files = (
				31B227F61B52C28C00859A30 /* OAuth2.framework in Embed Frameworks */,
				31B227F31B52C27700859A30 /* OAuth2.framework in Embed Frameworks */,
			);
			name = "Embed Frameworks";
			runOnlyForDeploymentPostprocessing = 0;
		};
/* End PBXCopyFilesBuildPhase section */

/* Begin PBXFileReference section */
		3146CA8A1B51ACD500A03CD6 /* OutsideHacksApp.app */ = {isa = PBXFileReference; explicitFileType = wrapper.application; includeInIndex = 0; path = OutsideHacksApp.app; sourceTree = BUILT_PRODUCTS_DIR; };
		3146CA8E1B51ACD500A03CD6 /* Info.plist */ = {isa = PBXFileReference; lastKnownFileType = text.plist.xml; path = Info.plist; sourceTree = "<group>"; };
		3146CA8F1B51ACD500A03CD6 /* AppDelegate.swift */ = {isa = PBXFileReference; lastKnownFileType = sourcecode.swift; path = AppDelegate.swift; sourceTree = "<group>"; };
		3146CA911B51ACD500A03CD6 /* ViewController.swift */ = {isa = PBXFileReference; lastKnownFileType = sourcecode.swift; path = ViewController.swift; sourceTree = "<group>"; };
		3146CA941B51ACD500A03CD6 /* Base */ = {isa = PBXFileReference; lastKnownFileType = file.storyboard; name = Base; path = Base.lproj/Main.storyboard; sourceTree = "<group>"; };
		3146CA961B51ACD500A03CD6 /* Images.xcassets */ = {isa = PBXFileReference; lastKnownFileType = folder.assetcatalog; path = Images.xcassets; sourceTree = "<group>"; };
		3146CA991B51ACD500A03CD6 /* Base */ = {isa = PBXFileReference; lastKnownFileType = file.xib; name = Base; path = Base.lproj/LaunchScreen.xib; sourceTree = "<group>"; };
		3146CA9F1B51ACD500A03CD6 /* OutsideHacksAppTests.xctest */ = {isa = PBXFileReference; explicitFileType = wrapper.cfbundle; includeInIndex = 0; path = OutsideHacksAppTests.xctest; sourceTree = BUILT_PRODUCTS_DIR; };
		3146CAA41B51ACD500A03CD6 /* Info.plist */ = {isa = PBXFileReference; lastKnownFileType = text.plist.xml; path = Info.plist; sourceTree = "<group>"; };
		3146CAA51B51ACD500A03CD6 /* OutsideHacksAppTests.swift */ = {isa = PBXFileReference; lastKnownFileType = sourcecode.swift; path = OutsideHacksAppTests.swift; sourceTree = "<group>"; };
		3146CAAF1B51B28900A03CD6 /* MapKit.framework */ = {isa = PBXFileReference; lastKnownFileType = wrapper.framework; name = MapKit.framework; path = System/Library/Frameworks/MapKit.framework; sourceTree = SDKROOT; };
		31B227CB1B52159500859A30 /* UberController.swift */ = {isa = PBXFileReference; fileEncoding = 4; lastKnownFileType = sourcecode.swift; path = UberController.swift; sourceTree = "<group>"; };
		31B227CD1B52BA4700859A30 /* OAuth2.xcodeproj */ = {isa = PBXFileReference; lastKnownFileType = "wrapper.pb-project"; name = OAuth2.xcodeproj; path = OAuth2/OAuth2.xcodeproj; sourceTree = SOURCE_ROOT; };
		31B227F71B52DE3C00859A30 /* Enum.swift */ = {isa = PBXFileReference; fileEncoding = 4; lastKnownFileType = sourcecode.swift; path = Enum.swift; sourceTree = "<group>"; };
		31B227F81B52DE3C00859A30 /* FontAwesome.otf */ = {isa = PBXFileReference; lastKnownFileType = file; path = FontAwesome.otf; sourceTree = "<group>"; };
		31B227F91B52DE3C00859A30 /* FontAwesome.swift */ = {isa = PBXFileReference; fileEncoding = 4; lastKnownFileType = sourcecode.swift; path = FontAwesome.swift; sourceTree = "<group>"; };
		31B227FD1B52EBD200859A30 /* Uber.swift */ = {isa = PBXFileReference; fileEncoding = 4; lastKnownFileType = sourcecode.swift; path = Uber.swift; sourceTree = "<group>"; };
/* End PBXFileReference section */

/* Begin PBXFrameworksBuildPhase section */
		3146CA871B51ACD500A03CD6 /* Frameworks */ = {
			isa = PBXFrameworksBuildPhase;
			buildActionMask = 2147483647;
			files = (
				31B227F21B52C26B00859A30 /* OAuth2.framework in Frameworks */,
				3146CAB01B51B28900A03CD6 /* MapKit.framework in Frameworks */,
			);
			runOnlyForDeploymentPostprocessing = 0;
		};
		3146CA9C1B51ACD500A03CD6 /* Frameworks */ = {
			isa = PBXFrameworksBuildPhase;
			buildActionMask = 2147483647;
			files = (
			);
			runOnlyForDeploymentPostprocessing = 0;
		};
/* End PBXFrameworksBuildPhase section */

/* Begin PBXGroup section */
		3146CA811B51ACD500A03CD6 = {
			isa = PBXGroup;
			children = (
				3146CAAF1B51B28900A03CD6 /* MapKit.framework */,
				3146CA8C1B51ACD500A03CD6 /* OutsideHacksApp */,
				3146CAA21B51ACD500A03CD6 /* OutsideHacksAppTests */,
				3146CA8B1B51ACD500A03CD6 /* Products */,
			);
			sourceTree = "<group>";
		};
		3146CA8B1B51ACD500A03CD6 /* Products */ = {
			isa = PBXGroup;
			children = (
				3146CA8A1B51ACD500A03CD6 /* OutsideHacksApp.app */,
				3146CA9F1B51ACD500A03CD6 /* OutsideHacksAppTests.xctest */,
			);
			name = Products;
			sourceTree = "<group>";
		};
		3146CA8C1B51ACD500A03CD6 /* OutsideHacksApp */ = {
			isa = PBXGroup;
			children = (
				3146CA8F1B51ACD500A03CD6 /* AppDelegate.swift */,
				3146CA911B51ACD500A03CD6 /* ViewController.swift */,
				3146CA931B51ACD500A03CD6 /* Main.storyboard */,
				31B227F71B52DE3C00859A30 /* Enum.swift */,
				31B227F81B52DE3C00859A30 /* FontAwesome.otf */,
				31B227F91B52DE3C00859A30 /* FontAwesome.swift */,
				31B227CB1B52159500859A30 /* UberController.swift */,
				31B227FD1B52EBD200859A30 /* Uber.swift */,
				31B227CD1B52BA4700859A30 /* OAuth2.xcodeproj */,
				3146CA961B51ACD500A03CD6 /* Images.xcassets */,
				3146CA981B51ACD500A03CD6 /* LaunchScreen.xib */,
				3146CA8D1B51ACD500A03CD6 /* Supporting Files */,
			);
			path = OutsideHacksApp;
			sourceTree = "<group>";
		};
		3146CA8D1B51ACD500A03CD6 /* Supporting Files */ = {
			isa = PBXGroup;
			children = (
				3146CA8E1B51ACD500A03CD6 /* Info.plist */,
			);
			name = "Supporting Files";
			sourceTree = "<group>";
		};
		3146CAA21B51ACD500A03CD6 /* OutsideHacksAppTests */ = {
			isa = PBXGroup;
			children = (
				3146CAA51B51ACD500A03CD6 /* OutsideHacksAppTests.swift */,
				3146CAA31B51ACD500A03CD6 /* Supporting Files */,
			);
			path = OutsideHacksAppTests;
			sourceTree = "<group>";
		};
		3146CAA31B51ACD500A03CD6 /* Supporting Files */ = {
			isa = PBXGroup;
			children = (
				3146CAA41B51ACD500A03CD6 /* Info.plist */,
			);
			name = "Supporting Files";
			sourceTree = "<group>";
		};
		31B227CE1B52BA4700859A30 /* Products */ = {
			isa = PBXGroup;
			children = (
				31B227D41B52BA4800859A30 /* OAuth2.framework */,
				31B227D61B52BA4800859A30 /* OAuth2.framework */,
				31B227D81B52BA4800859A30 /* OAuth2Tests.xctest */,
			);
			name = Products;
			sourceTree = "<group>";
		};
/* End PBXGroup section */

/* Begin PBXNativeTarget section */
		3146CA891B51ACD500A03CD6 /* OutsideHacksApp */ = {
			isa = PBXNativeTarget;
			buildConfigurationList = 3146CAA91B51ACD500A03CD6 /* Build configuration list for PBXNativeTarget "OutsideHacksApp" */;
			buildPhases = (
				3146CA861B51ACD500A03CD6 /* Sources */,
				3146CA871B51ACD500A03CD6 /* Frameworks */,
				3146CA881B51ACD500A03CD6 /* Resources */,
				31B227EC1B52BC0600859A30 /* Embed Frameworks */,
			);
			buildRules = (
			);
			dependencies = (
				31B227F51B52C28200859A30 /* PBXTargetDependency */,
				31B227F11B52C26100859A30 /* PBXTargetDependency */,
			);
			name = OutsideHacksApp;
			productName = OutsideHacksApp;
			productReference = 3146CA8A1B51ACD500A03CD6 /* OutsideHacksApp.app */;
			productType = "com.apple.product-type.application";
		};
		3146CA9E1B51ACD500A03CD6 /* OutsideHacksAppTests */ = {
			isa = PBXNativeTarget;
			buildConfigurationList = 3146CAAC1B51ACD500A03CD6 /* Build configuration list for PBXNativeTarget "OutsideHacksAppTests" */;
			buildPhases = (
				3146CA9B1B51ACD500A03CD6 /* Sources */,
				3146CA9C1B51ACD500A03CD6 /* Frameworks */,
				3146CA9D1B51ACD500A03CD6 /* Resources */,
			);
			buildRules = (
			);
			dependencies = (
				3146CAA11B51ACD500A03CD6 /* PBXTargetDependency */,
			);
			name = OutsideHacksAppTests;
			productName = OutsideHacksAppTests;
			productReference = 3146CA9F1B51ACD500A03CD6 /* OutsideHacksAppTests.xctest */;
			productType = "com.apple.product-type.bundle.unit-test";
		};
/* End PBXNativeTarget section */

/* Begin PBXProject section */
		3146CA821B51ACD500A03CD6 /* Project object */ = {
			isa = PBXProject;
			attributes = {
				LastUpgradeCheck = 0630;
				ORGANIZATIONNAME = icebrg;
				TargetAttributes = {
					3146CA891B51ACD500A03CD6 = {
						CreatedOnToolsVersion = 6.3.2;
						SystemCapabilities = {
							com.apple.Maps.iOS = {
								enabled = 1;
							};
						};
					};
					3146CA9E1B51ACD500A03CD6 = {
						CreatedOnToolsVersion = 6.3.2;
						TestTargetID = 3146CA891B51ACD500A03CD6;
					};
				};
			};
			buildConfigurationList = 3146CA851B51ACD500A03CD6 /* Build configuration list for PBXProject "OutsideHacksApp" */;
			compatibilityVersion = "Xcode 3.2";
			developmentRegion = English;
			hasScannedForEncodings = 0;
			knownRegions = (
				en,
				Base,
			);
			mainGroup = 3146CA811B51ACD500A03CD6;
			productRefGroup = 3146CA8B1B51ACD500A03CD6 /* Products */;
			projectDirPath = "";
			projectReferences = (
				{
					ProductGroup = 31B227CE1B52BA4700859A30 /* Products */;
					ProjectRef = 31B227CD1B52BA4700859A30 /* OAuth2.xcodeproj */;
				},
			);
			projectRoot = "";
			targets = (
				3146CA891B51ACD500A03CD6 /* OutsideHacksApp */,
				3146CA9E1B51ACD500A03CD6 /* OutsideHacksAppTests */,
			);
		};
/* End PBXProject section */

/* Begin PBXReferenceProxy section */
		31B227D41B52BA4800859A30 /* OAuth2.framework */ = {
			isa = PBXReferenceProxy;
			fileType = wrapper.framework;
			path = OAuth2.framework;
			remoteRef = 31B227D31B52BA4800859A30 /* PBXContainerItemProxy */;
			sourceTree = BUILT_PRODUCTS_DIR;
		};
		31B227D61B52BA4800859A30 /* OAuth2.framework */ = {
			isa = PBXReferenceProxy;
			fileType = wrapper.framework;
			path = OAuth2.framework;
			remoteRef = 31B227D51B52BA4800859A30 /* PBXContainerItemProxy */;
			sourceTree = BUILT_PRODUCTS_DIR;
		};
		31B227D81B52BA4800859A30 /* OAuth2Tests.xctest */ = {
			isa = PBXReferenceProxy;
			fileType = wrapper.cfbundle;
			path = OAuth2Tests.xctest;
			remoteRef = 31B227D71B52BA4800859A30 /* PBXContainerItemProxy */;
			sourceTree = BUILT_PRODUCTS_DIR;
		};
/* End PBXReferenceProxy section */

/* Begin PBXResourcesBuildPhase section */
		3146CA881B51ACD500A03CD6 /* Resources */ = {
			isa = PBXResourcesBuildPhase;
			buildActionMask = 2147483647;
			files = (
				3146CA951B51ACD500A03CD6 /* Main.storyboard in Resources */,
				3146CA9A1B51ACD500A03CD6 /* LaunchScreen.xib in Resources */,
				31B227FB1B52DE3C00859A30 /* FontAwesome.otf in Resources */,
				3146CA971B51ACD500A03CD6 /* Images.xcassets in Resources */,
			);
			runOnlyForDeploymentPostprocessing = 0;
		};
		3146CA9D1B51ACD500A03CD6 /* Resources */ = {
			isa = PBXResourcesBuildPhase;
			buildActionMask = 2147483647;
			files = (
			);
			runOnlyForDeploymentPostprocessing = 0;
		};
/* End PBXResourcesBuildPhase section */

/* Begin PBXSourcesBuildPhase section */
		3146CA861B51ACD500A03CD6 /* Sources */ = {
			isa = PBXSourcesBuildPhase;
			buildActionMask = 2147483647;
			files = (
				31B227FC1B52DE3C00859A30 /* FontAwesome.swift in Sources */,
				31B227FE1B52EBD200859A30 /* Uber.swift in Sources */,
				3146CA921B51ACD500A03CD6 /* ViewController.swift in Sources */,
				3146CA901B51ACD500A03CD6 /* AppDelegate.swift in Sources */,
				31B227FA1B52DE3C00859A30 /* Enum.swift in Sources */,
				31B227CC1B52159500859A30 /* UberController.swift in Sources */,
			);
			runOnlyForDeploymentPostprocessing = 0;
		};
		3146CA9B1B51ACD500A03CD6 /* Sources */ = {
			isa = PBXSourcesBuildPhase;
			buildActionMask = 2147483647;
			files = (
				3146CAA61B51ACD500A03CD6 /* OutsideHacksAppTests.swift in Sources */,
			);
			runOnlyForDeploymentPostprocessing = 0;
		};
/* End PBXSourcesBuildPhase section */

/* Begin PBXTargetDependency section */
		3146CAA11B51ACD500A03CD6 /* PBXTargetDependency */ = {
			isa = PBXTargetDependency;
			target = 3146CA891B51ACD500A03CD6 /* OutsideHacksApp */;
			targetProxy = 3146CAA01B51ACD500A03CD6 /* PBXContainerItemProxy */;
		};
		31B227F11B52C26100859A30 /* PBXTargetDependency */ = {
			isa = PBXTargetDependency;
			name = OAuth2;
			targetProxy = 31B227F01B52C26100859A30 /* PBXContainerItemProxy */;
		};
		31B227F51B52C28200859A30 /* PBXTargetDependency */ = {
			isa = PBXTargetDependency;
			name = OAuth2iOS;
			targetProxy = 31B227F41B52C28200859A30 /* PBXContainerItemProxy */;
		};
/* End PBXTargetDependency section */

/* Begin PBXVariantGroup section */
		3146CA931B51ACD500A03CD6 /* Main.storyboard */ = {
			isa = PBXVariantGroup;
			children = (
				3146CA941B51ACD500A03CD6 /* Base */,
			);
			name = Main.storyboard;
			sourceTree = "<group>";
		};
		3146CA981B51ACD500A03CD6 /* LaunchScreen.xib */ = {
			isa = PBXVariantGroup;
			children = (
				3146CA991B51ACD500A03CD6 /* Base */,
			);
			name = LaunchScreen.xib;
			sourceTree = "<group>";
		};
/* End PBXVariantGroup section */

/* Begin XCBuildConfiguration section */
		3146CAA71B51ACD500A03CD6 /* Debug */ = {
			isa = XCBuildConfiguration;
			buildSettings = {
				ALWAYS_SEARCH_USER_PATHS = NO;
				CLANG_CXX_LANGUAGE_STANDARD = "gnu++0x";
				CLANG_CXX_LIBRARY = "libc++";
				CLANG_ENABLE_MODULES = YES;
				CLANG_ENABLE_OBJC_ARC = YES;
				CLANG_WARN_BOOL_CONVERSION = YES;
				CLANG_WARN_CONSTANT_CONVERSION = YES;
				CLANG_WARN_DIRECT_OBJC_ISA_USAGE = YES_ERROR;
				CLANG_WARN_EMPTY_BODY = YES;
				CLANG_WARN_ENUM_CONVERSION = YES;
				CLANG_WARN_INT_CONVERSION = YES;
				CLANG_WARN_OBJC_ROOT_CLASS = YES_ERROR;
				CLANG_WARN_UNREACHABLE_CODE = YES;
				CLANG_WARN__DUPLICATE_METHOD_MATCH = YES;
				"CODE_SIGN_IDENTITY[sdk=iphoneos*]" = "iPhone Developer";
				COPY_PHASE_STRIP = NO;
				DEBUG_INFORMATION_FORMAT = "dwarf-with-dsym";
				ENABLE_STRICT_OBJC_MSGSEND = YES;
				GCC_C_LANGUAGE_STANDARD = gnu99;
				GCC_DYNAMIC_NO_PIC = NO;
				GCC_NO_COMMON_BLOCKS = YES;
				GCC_OPTIMIZATION_LEVEL = 0;
				GCC_PREPROCESSOR_DEFINITIONS = (
					"DEBUG=1",
					"$(inherited)",
				);
				GCC_SYMBOLS_PRIVATE_EXTERN = NO;
				GCC_WARN_64_TO_32_BIT_CONVERSION = YES;
				GCC_WARN_ABOUT_RETURN_TYPE = YES_ERROR;
				GCC_WARN_UNDECLARED_SELECTOR = YES;
				GCC_WARN_UNINITIALIZED_AUTOS = YES_AGGRESSIVE;
				GCC_WARN_UNUSED_FUNCTION = YES;
				GCC_WARN_UNUSED_VARIABLE = YES;
				IPHONEOS_DEPLOYMENT_TARGET = 8.3;
				MTL_ENABLE_DEBUG_INFO = YES;
				ONLY_ACTIVE_ARCH = YES;
				SDKROOT = iphoneos;
				SWIFT_OPTIMIZATION_LEVEL = "-Onone";
				TARGETED_DEVICE_FAMILY = "1,2";
			};
			name = Debug;
		};
		3146CAA81B51ACD500A03CD6 /* Release */ = {
			isa = XCBuildConfiguration;
			buildSettings = {
				ALWAYS_SEARCH_USER_PATHS = NO;
				CLANG_CXX_LANGUAGE_STANDARD = "gnu++0x";
				CLANG_CXX_LIBRARY = "libc++";
				CLANG_ENABLE_MODULES = YES;
				CLANG_ENABLE_OBJC_ARC = YES;
				CLANG_WARN_BOOL_CONVERSION = YES;
				CLANG_WARN_CONSTANT_CONVERSION = YES;
				CLANG_WARN_DIRECT_OBJC_ISA_USAGE = YES_ERROR;
				CLANG_WARN_EMPTY_BODY = YES;
				CLANG_WARN_ENUM_CONVERSION = YES;
				CLANG_WARN_INT_CONVERSION = YES;
				CLANG_WARN_OBJC_ROOT_CLASS = YES_ERROR;
				CLANG_WARN_UNREACHABLE_CODE = YES;
				CLANG_WARN__DUPLICATE_METHOD_MATCH = YES;
				"CODE_SIGN_IDENTITY[sdk=iphoneos*]" = "iPhone Developer";
				COPY_PHASE_STRIP = NO;
				DEBUG_INFORMATION_FORMAT = "dwarf-with-dsym";
				ENABLE_NS_ASSERTIONS = NO;
				ENABLE_STRICT_OBJC_MSGSEND = YES;
				GCC_C_LANGUAGE_STANDARD = gnu99;
				GCC_NO_COMMON_BLOCKS = YES;
				GCC_WARN_64_TO_32_BIT_CONVERSION = YES;
				GCC_WARN_ABOUT_RETURN_TYPE = YES_ERROR;
				GCC_WARN_UNDECLARED_SELECTOR = YES;
				GCC_WARN_UNINITIALIZED_AUTOS = YES_AGGRESSIVE;
				GCC_WARN_UNUSED_FUNCTION = YES;
				GCC_WARN_UNUSED_VARIABLE = YES;
				IPHONEOS_DEPLOYMENT_TARGET = 8.3;
				MTL_ENABLE_DEBUG_INFO = NO;
				SDKROOT = iphoneos;
				TARGETED_DEVICE_FAMILY = "1,2";
				VALIDATE_PRODUCT = YES;
			};
			name = Release;
		};
		3146CAAA1B51ACD500A03CD6 /* Debug */ = {
			isa = XCBuildConfiguration;
			buildSettings = {
				ASSETCATALOG_COMPILER_APPICON_NAME = AppIcon;
				INFOPLIST_FILE = OutsideHacksApp/Info.plist;
				LD_RUNPATH_SEARCH_PATHS = "$(inherited) @executable_path/Frameworks";
				PRODUCT_NAME = "$(TARGET_NAME)";
			};
			name = Debug;
		};
		3146CAAB1B51ACD500A03CD6 /* Release */ = {
			isa = XCBuildConfiguration;
			buildSettings = {
				ASSETCATALOG_COMPILER_APPICON_NAME = AppIcon;
				INFOPLIST_FILE = OutsideHacksApp/Info.plist;
				LD_RUNPATH_SEARCH_PATHS = "$(inherited) @executable_path/Frameworks";
				PRODUCT_NAME = "$(TARGET_NAME)";
			};
			name = Release;
		};
		3146CAAD1B51ACD500A03CD6 /* Debug */ = {
			isa = XCBuildConfiguration;
			buildSettings = {
				BUNDLE_LOADER = "$(TEST_HOST)";
				FRAMEWORK_SEARCH_PATHS = (
					"$(SDKROOT)/Developer/Library/Frameworks",
					"$(inherited)",
				);
				GCC_PREPROCESSOR_DEFINITIONS = (
					"DEBUG=1",
					"$(inherited)",
				);
				INFOPLIST_FILE = OutsideHacksAppTests/Info.plist;
				LD_RUNPATH_SEARCH_PATHS = "$(inherited) @executable_path/Frameworks @loader_path/Frameworks";
				PRODUCT_NAME = "$(TARGET_NAME)";
				TEST_HOST = "$(BUILT_PRODUCTS_DIR)/OutsideHacksApp.app/OutsideHacksApp";
			};
			name = Debug;
		};
		3146CAAE1B51ACD500A03CD6 /* Release */ = {
			isa = XCBuildConfiguration;
			buildSettings = {
				BUNDLE_LOADER = "$(TEST_HOST)";
				FRAMEWORK_SEARCH_PATHS = (
					"$(SDKROOT)/Developer/Library/Frameworks",
					"$(inherited)",
				);
				INFOPLIST_FILE = OutsideHacksAppTests/Info.plist;
				LD_RUNPATH_SEARCH_PATHS = "$(inherited) @executable_path/Frameworks @loader_path/Frameworks";
				PRODUCT_NAME = "$(TARGET_NAME)";
				TEST_HOST = "$(BUILT_PRODUCTS_DIR)/OutsideHacksApp.app/OutsideHacksApp";
			};
			name = Release;
		};
/* End XCBuildConfiguration section */

/* Begin XCConfigurationList section */
		3146CA851B51ACD500A03CD6 /* Build configuration list for PBXProject "OutsideHacksApp" */ = {
			isa = XCConfigurationList;
			buildConfigurations = (
				3146CAA71B51ACD500A03CD6 /* Debug */,
				3146CAA81B51ACD500A03CD6 /* Release */,
			);
			defaultConfigurationIsVisible = 0;
			defaultConfigurationName = Release;
		};
		3146CAA91B51ACD500A03CD6 /* Build configuration list for PBXNativeTarget "OutsideHacksApp" */ = {
			isa = XCConfigurationList;
			buildConfigurations = (
				3146CAAA1B51ACD500A03CD6 /* Debug */,
				3146CAAB1B51ACD500A03CD6 /* Release */,
			);
			defaultConfigurationIsVisible = 0;
			defaultConfigurationName = Release;
		};
		3146CAAC1B51ACD500A03CD6 /* Build configuration list for PBXNativeTarget "OutsideHacksAppTests" */ = {
			isa = XCConfigurationList;
			buildConfigurations = (
				3146CAAD1B51ACD500A03CD6 /* Debug */,
				3146CAAE1B51ACD500A03CD6 /* Release */,
			);
			defaultConfigurationIsVisible = 0;
			defaultConfigurationName = Release;
		};
/* End XCConfigurationList section */
	};
	rootObject = 3146CA821B51ACD500A03CD6 /* Project object */;
}
